
Microsoft Visual Studio Solution File, Format Version 12.00
# Visual Studio Version 16
VisualStudioVersion = 16.0.29123.88
MinimumVisualStudioVersion = 10.0.40219.1
Project("{FAE04EC0-301F-11D3-BF4B-00C04F79EFBC}") = "Instruments Control", "Instruments Control\Instruments Control.csproj", "{96F01859-1E32-43E1-9CFB-2B175C0660D5}"
EndProject
Global
	GlobalSection(SolutionConfigurationPlatforms) = preSolution
		Debug|Any CPU = Debug|Any CPU
		Release|Any CPU = Release|Any CPU
	EndGlobalSection
	GlobalSection(ProjectConfigurationPlatforms) = postSolution
		{96F01859-1E32-43E1-9CFB-2B175C0660D5}.Debug|Any CPU.ActiveCfg = Debug|Any CPU
		{96F01859-1E32-43E1-9CFB-2B175C0660D5}.Debug|Any CPU.Build.0 = Debug|Any CPU
		{96F01859-1E32-43E1-9CFB-2B175C0660D5}.Release|Any CPU.ActiveCfg = Release|Any CPU
		{96F01859-1E32-43E1-9CFB-2B175C0660D5}.Release|Any CPU.Build.0 = Release|Any CPU
	EndGlobalSection
	GlobalSection(SolutionProperties) = preSolution
		HideSolutionNode = FALSE
	EndGlobalSection
	GlobalSection(ExtensibilityGlobals) = postSolution
		SolutionGuid = {6A8C4A3A-37F2-480D-8875-1D8953A47598}
	EndGlobalSection
EndGlobal
